<?xml version="1.0" encoding="utf-8"?>
<Project ToolsVersion="4.0" xmlns="http://schemas.microsoft.com/developer/msbuild/2003">
  <ItemGroup>
    <Filter Include="소스 파일">
      <UniqueIdentifier>{4FC737F1-C7A5-4376-A066-2A32D752A2FF}</UniqueIdentifier>
      <Extensions>cpp;c;cc;cxx;c++;cppm;ixx;def;odl;idl;hpj;bat;asm;asmx</Extensions>
    </Filter>
    <Filter Include="헤더 파일">
      <UniqueIdentifier>{93995380-89BD-4b04-88EB-625FBE52EBFB}</UniqueIdentifier>
      <Extensions>h;hh;hpp;hxx;h++;hm;inl;inc;ipp;xsd</Extensions>
    </Filter>
    <Filter Include="리소스 파일">
      <UniqueIdentifier>{67DA6AB6-F800-4c08-8B7A-83BB121AAD01}</UniqueIdentifier>
      <Extensions>rc;ico;cur;bmp;dlg;rc2;rct;bin;rgs;gif;jpg;jpeg;jpe;resx;tiff;tif;png;wav;mfcribbon-ms</Extensions>
    </Filter>
    <Filter Include="헤더 파일\Framework">
      <UniqueIdentifier>{27279f4f-addb-443f-a792-094780715c3d}</UniqueIdentifier>
    </Filter>
    <Filter Include="헤더 파일\Graphic">
      <UniqueIdentifier>{3fa6a9ad-090a-4346-afd2-e20702876544}</UniqueIdentifier>
    </Filter>
    <Filter Include="헤더 파일\Scene">
      <UniqueIdentifier>{e1c40e96-4d57-432e-a1d8-daecbdc93f3a}</UniqueIdentifier>
    </Filter>
    <Filter Include="헤더 파일\Util">
      <UniqueIdentifier>{fda5f4f8-e29b-49d2-9579-b4d51c03add5}</UniqueIdentifier>
    </Filter>
    <Filter Include="소스 파일\Framework">
      <UniqueIdentifier>{3f6436f0-9eec-4bdd-a097-abeac5a48c37}</UniqueIdentifier>
    </Filter>
    <Filter Include="소스 파일\Graphic">
      <UniqueIdentifier>{0bc1b522-9607-4034-a829-cdfef1a4f760}</UniqueIdentifier>
    </Filter>
    <Filter Include="소스 파일\Test">
      <UniqueIdentifier>{62deda83-c61a-4404-a081-63896b437beb}</UniqueIdentifier>
    </Filter>
    <Filter Include="소스 파일\Util">
      <UniqueIdentifier>{d49ab74b-50cf-4475-8166-21e9546f5315}</UniqueIdentifier>
    </Filter>
    <Filter Include="소스 파일\Scene">
      <UniqueIdentifier>{e37c59c4-4b76-434e-8763-ec5afac4b17e}</UniqueIdentifier>
    </Filter>
    <Filter Include="리소스 파일\Shader">
      <UniqueIdentifier>{422f27c1-3511-4472-9b82-443d39393c2f}</UniqueIdentifier>
    </Filter>
    <Filter Include="헤더 파일\Test">
      <UniqueIdentifier>{9e8a322a-d6e7-4dd4-8f34-7ea374ee6ba4}</UniqueIdentifier>
    </Filter>
    <Filter Include="리소스 파일\Git">
      <UniqueIdentifier>{bce09d7a-0932-4c7a-9ab8-a0fcd5e35ee9}</UniqueIdentifier>
    </Filter>
  </ItemGroup>
  <ItemGroup>
    <Image Include="Resource\KGCRenderFramework.ico">
      <Filter>리소스 파일</Filter>
    </Image>
    <Image Include="Resource\small.ico">
      <Filter>리소스 파일</Filter>
    </Image>
  </ItemGroup>
  <ItemGroup>
    <ResourceCompile Include="Resource\KGCRenderFramework.rc">
      <Filter>리소스 파일</Filter>
    </ResourceCompile>
  </ItemGroup>
  <ItemGroup>
    <ClInclude Include="pch.h">
      <Filter>헤더 파일</Filter>
    </ClInclude>
    <ClInclude Include="Framework\GameObject.h">
      <Filter>헤더 파일\Scene</Filter>
    </ClInclude>
    <ClInclude Include="Framework\GameObject3D.h">
      <Filter>헤더 파일\Scene</Filter>
    </ClInclude>
    <ClInclude Include="Framework\Logger.h">
      <Filter>헤더 파일\Util</Filter>
    </ClInclude>
    <ClInclude Include="Framework\Mesh.h">
      <Filter>헤더 파일\Scene</Filter>
    </ClInclude>
    <ClInclude Include="Framework\Model.h">
      <Filter>헤더 파일\Scene</Filter>
    </ClInclude>
    <ClInclude Include="Framework\SimpleMesh.h">
      <Filter>헤더 파일\Test</Filter>
    </ClInclude>
    <ClInclude Include="Framework\SimpleRenderableObject.h">
      <Filter>헤더 파일\Test</Filter>
    </ClInclude>
    <ClInclude Include="Framework\Vertex.h">
      <Filter>헤더 파일\Graphic</Filter>
    </ClInclude>
    <ClInclude Include="Framework\VertexBuffer.h">
      <Filter>헤더 파일\Graphic</Filter>
    </ClInclude>
    <ClInclude Include="Framework\TextureLoader.h">
      <Filter>헤더 파일\Util</Filter>
    </ClInclude>
    <ClInclude Include="Framework\Shaders.h">
      <Filter>헤더 파일\Graphic</Filter>
    </ClInclude>
    <ClInclude Include="Framework\Texture.h">
      <Filter>헤더 파일\Graphic</Filter>
    </ClInclude>
    <ClInclude Include="Framework\Timer.h">
      <Filter>헤더 파일\Util</Filter>
    </ClInclude>
    <ClInclude Include="Framework\Camera.h">
      <Filter>헤더 파일\Scene</Filter>
    </ClInclude>
    <ClInclude Include="Framework\GraphicManager.h">
      <Filter>헤더 파일\Graphic</Filter>
    </ClInclude>
    <ClInclude Include="Framework\IndexBuffer.h">
      <Filter>헤더 파일\Graphic</Filter>
    </ClInclude>
    <ClInclude Include="Framework\InputLayout.h">
      <Filter>헤더 파일\Graphic</Filter>
    </ClInclude>
    <ClInclude Include="Framework\Protocols.h">
      <Filter>헤더 파일\Util</Filter>
    </ClInclude>
    <ClInclude Include="Framework\RenderableObject.h">
      <Filter>헤더 파일\Scene</Filter>
    </ClInclude>
    <ClInclude Include="Framework\Component.h">
      <Filter>헤더 파일\Scene</Filter>
    </ClInclude>
    <ClInclude Include="Framework\StringUtil.h">
      <Filter>헤더 파일\Util</Filter>
    </ClInclude>
    <ClInclude Include="Framework\Framework.h">
      <Filter>헤더 파일\Framework</Filter>
    </ClInclude>
    <ClInclude Include="Framework\ConstantBuffer.h">
      <Filter>헤더 파일\Graphic</Filter>
    </ClInclude>
    <ClInclude Include="Framework\ConstantBufferType.h">
      <Filter>헤더 파일\Graphic</Filter>
    </ClInclude>
    <ClInclude Include="Resource.h">
      <Filter>헤더 파일\Framework</Filter>
    </ClInclude>
    <ClInclude Include="targetver.h">
      <Filter>헤더 파일\Framework</Filter>
    </ClInclude>
  </ItemGroup>
  <ItemGroup>
    <ClCompile Include="KGCRenderFramework.cpp">
      <Filter>소스 파일</Filter>
    </ClCompile>
    <ClCompile Include="Framework\GraphicManager.cpp">
      <Filter>소스 파일\Graphic</Filter>
    </ClCompile>
    <ClCompile Include="Framework\InputLayout.cpp">
      <Filter>소스 파일\Graphic</Filter>
    </ClCompile>
    <ClCompile Include="Framework\Shaders.cpp">
      <Filter>소스 파일\Graphic</Filter>
    </ClCompile>
    <ClCompile Include="Framework\Texture.cpp">
      <Filter>소스 파일\Graphic</Filter>
    </ClCompile>
    <ClCompile Include="Framework\Vertex.cpp">
      <Filter>소스 파일\Graphic</Filter>
    </ClCompile>
    <ClCompile Include="Framework\Camera.cpp">
      <Filter>소스 파일\Scene</Filter>
    </ClCompile>
    <ClCompile Include="Framework\Component.cpp">
      <Filter>소스 파일\Scene</Filter>
    </ClCompile>
    <ClCompile Include="Framework\GameObject.cpp">
      <Filter>소스 파일\Scene</Filter>
    </ClCompile>
    <ClCompile Include="Framework\GameObject3D.cpp">
      <Filter>소스 파일\Scene</Filter>
    </ClCompile>
    <ClCompile Include="Framework\Framework.cpp">
      <Filter>소스 파일\Framework</Filter>
    </ClCompile>
    <ClCompile Include="Framework\Mesh.cpp">
      <Filter>소스 파일\Scene</Filter>
    </ClCompile>
    <ClCompile Include="Framework\Model.cpp">
      <Filter>소스 파일\Scene</Filter>
    </ClCompile>
    <ClCompile Include="Framework\RenderableObject.cpp">
      <Filter>소스 파일\Scene</Filter>
    </ClCompile>
    <ClCompile Include="Framework\TextureLoader.cpp">
      <Filter>소스 파일\Util</Filter>
    </ClCompile>
    <ClCompile Include="Framework\StringUtil.cpp">
      <Filter>소스 파일\Util</Filter>
    </ClCompile>
    <ClCompile Include="Framework\SimpleMesh.cpp">
      <Filter>소스 파일\Test</Filter>
    </ClCompile>
    <ClCompile Include="Framework\SimpleRenderableObject.cpp">
      <Filter>소스 파일\Test</Filter>
    </ClCompile>
    <ClCompile Include="Framework\Logger.cpp">
      <Filter>소스 파일\Util</Filter>
    </ClCompile>
    <ClCompile Include="Framework\Timer.cpp">
      <Filter>소스 파일\Util</Filter>
    </ClCompile>
  </ItemGroup>
  <ItemGroup>
    <FxCompile Include="Shader\PixelShader.hlsl">
      <Filter>리소스 파일\Shader</Filter>
    </FxCompile>
    <FxCompile Include="Shader\PixelShader2.hlsl">
      <Filter>리소스 파일\Shader</Filter>
    </FxCompile>
    <FxCompile Include="Shader\VertexShader.hlsl">
      <Filter>리소스 파일\Shader</Filter>
    </FxCompile>
    <FxCompile Include="Shader\VertexShader2.hlsl">
      <Filter>리소스 파일\Shader</Filter>
    </FxCompile>
  </ItemGroup>
  <ItemGroup>
    <None Include="..\README.md">
      <Filter>리소스 파일</Filter>
    </None>
    <None Include="..\.gitattributes">
      <Filter>리소스 파일\Git</Filter>
    </None>
    <None Include="..\.gitignore">
      <Filter>리소스 파일\Git</Filter>
    </None>
  </ItemGroup>
</Project>