<?xml version="1.0" encoding="utf-8"?>
<Project ToolsVersion="4.0" xmlns="http://schemas.microsoft.com/developer/msbuild/2003">
  <ItemGroup>
    <Filter Include="소스 파일">
      <UniqueIdentifier>{4FC737F1-C7A5-4376-A066-2A32D752A2FF}</UniqueIdentifier>
      <Extensions>cpp;c;cc;cxx;c++;cppm;ixx;def;odl;idl;hpj;bat;asm;asmx</Extensions>
    </Filter>
    <Filter Include="헤더 파일">
      <UniqueIdentifier>{93995380-89BD-4b04-88EB-625FBE52EBFB}</UniqueIdentifier>
      <Extensions>h;hh;hpp;hxx;h++;hm;inl;inc;ipp;xsd</Extensions>
    </Filter>
    <Filter Include="리소스 파일">
      <UniqueIdentifier>{67DA6AB6-F800-4c08-8B7A-83BB121AAD01}</UniqueIdentifier>
      <Extensions>rc;ico;cur;bmp;dlg;rc2;rct;bin;rgs;gif;jpg;jpeg;jpe;resx;tiff;tif;png;wav;mfcribbon-ms</Extensions>
    </Filter>
    <Filter Include="헤더 파일\Framework">
      <UniqueIdentifier>{27279f4f-addb-443f-a792-094780715c3d}</UniqueIdentifier>
    </Filter>
    <Filter Include="헤더 파일\Graphic">
      <UniqueIdentifier>{3fa6a9ad-090a-4346-afd2-e20702876544}</UniqueIdentifier>
    </Filter>
    <Filter Include="헤더 파일\Scene">
      <UniqueIdentifier>{e1c40e96-4d57-432e-a1d8-daecbdc93f3a}</UniqueIdentifier>
    </Filter>
    <Filter Include="헤더 파일\Util">
      <UniqueIdentifier>{fda5f4f8-e29b-49d2-9579-b4d51c03add5}</UniqueIdentifier>
    </Filter>
    <Filter Include="소스 파일\Framework">
      <UniqueIdentifier>{3f6436f0-9eec-4bdd-a097-abeac5a48c37}</UniqueIdentifier>
    </Filter>
    <Filter Include="소스 파일\Graphic">
      <UniqueIdentifier>{0bc1b522-9607-4034-a829-cdfef1a4f760}</UniqueIdentifier>
    </Filter>
    <Filter Include="소스 파일\Test">
      <UniqueIdentifier>{62deda83-c61a-4404-a081-63896b437beb}</UniqueIdentifier>
    </Filter>
    <Filter Include="소스 파일\Util">
      <UniqueIdentifier>{d49ab74b-50cf-4475-8166-21e9546f5315}</UniqueIdentifier>
    </Filter>
    <Filter Include="소스 파일\Scene">
      <UniqueIdentifier>{e37c59c4-4b76-434e-8763-ec5afac4b17e}</UniqueIdentifier>
    </Filter>
    <Filter Include="리소스 파일\Shader">
      <UniqueIdentifier>{422f27c1-3511-4472-9b82-443d39393c2f}</UniqueIdentifier>
    </Filter>
    <Filter Include="리소스 파일\Git">
      <UniqueIdentifier>{bce09d7a-0932-4c7a-9ab8-a0fcd5e35ee9}</UniqueIdentifier>
    </Filter>
    <Filter Include="헤더 파일\Component">
      <UniqueIdentifier>{b61c325a-8232-49e8-bc79-9cfd116bacb6}</UniqueIdentifier>
    </Filter>
    <Filter Include="소스 파일\Component">
      <UniqueIdentifier>{e3676857-2748-4e33-bc5a-f6c77f52a4d4}</UniqueIdentifier>
    </Filter>
    <Filter Include="소스 파일\imgui">
      <UniqueIdentifier>{4c44acc5-cb46-4ab4-8e9b-c82fa3eb6658}</UniqueIdentifier>
    </Filter>
  </ItemGroup>
  <ItemGroup>
    <Image Include="Resource\KGCRenderFramework.ico">
      <Filter>리소스 파일</Filter>
    </Image>
    <Image Include="Resource\small.ico">
      <Filter>리소스 파일</Filter>
    </Image>
  </ItemGroup>
  <ItemGroup>
    <ResourceCompile Include="Resource\KGCRenderFramework.rc">
      <Filter>리소스 파일</Filter>
    </ResourceCompile>
  </ItemGroup>
  <ItemGroup>
    <ClInclude Include="pch.h">
      <Filter>헤더 파일</Filter>
    </ClInclude>
    <ClInclude Include="Resource.h">
      <Filter>헤더 파일\Framework</Filter>
    </ClInclude>
    <ClInclude Include="targetver.h">
      <Filter>헤더 파일\Framework</Filter>
    </ClInclude>
    <ClInclude Include="TextureLoader.h">
      <Filter>헤더 파일\Util</Filter>
    </ClInclude>
    <ClInclude Include="Timer.h">
      <Filter>헤더 파일\Util</Filter>
    </ClInclude>
    <ClInclude Include="BoundingBoxRenderer.h">
      <Filter>헤더 파일\Component</Filter>
    </ClInclude>
    <ClInclude Include="MeshRenderer.h">
      <Filter>헤더 파일\Component</Filter>
    </ClInclude>
    <ClInclude Include="ModelRenderer.h">
      <Filter>헤더 파일\Component</Filter>
    </ClInclude>
    <ClInclude Include="RenderComponent.h">
      <Filter>헤더 파일\Component</Filter>
    </ClInclude>
    <ClInclude Include="Renderer.h">
      <Filter>헤더 파일\Component</Filter>
    </ClInclude>
    <ClInclude Include="SkinnedMeshRenderer.h">
      <Filter>헤더 파일\Component</Filter>
    </ClInclude>
    <ClInclude Include="SpriteRenderer.h">
      <Filter>헤더 파일\Component</Filter>
    </ClInclude>
    <ClInclude Include="Component.h">
      <Filter>헤더 파일\Component</Filter>
    </ClInclude>
    <ClInclude Include="Camera.h">
      <Filter>헤더 파일\Scene</Filter>
    </ClInclude>
    <ClInclude Include="GameObject.h">
      <Filter>헤더 파일\Scene</Filter>
    </ClInclude>
    <ClInclude Include="Model.h">
      <Filter>헤더 파일\Scene</Filter>
    </ClInclude>
    <ClInclude Include="Mesh.h">
      <Filter>헤더 파일\Scene</Filter>
    </ClInclude>
    <ClInclude Include="SkinnedMesh.h">
      <Filter>헤더 파일\Scene</Filter>
    </ClInclude>
    <ClInclude Include="Texture.h">
      <Filter>헤더 파일\Scene</Filter>
    </ClInclude>
    <ClInclude Include="ConstantBuffer.h">
      <Filter>헤더 파일\Graphic</Filter>
    </ClInclude>
    <ClInclude Include="ConstantBufferType.h">
      <Filter>헤더 파일\Graphic</Filter>
    </ClInclude>
    <ClInclude Include="GraphicManager.h">
      <Filter>헤더 파일\Graphic</Filter>
    </ClInclude>
    <ClInclude Include="IndexBuffer.h">
      <Filter>헤더 파일\Graphic</Filter>
    </ClInclude>
    <ClInclude Include="InputLayout.h">
      <Filter>헤더 파일\Graphic</Filter>
    </ClInclude>
    <ClInclude Include="Shaders.h">
      <Filter>헤더 파일\Graphic</Filter>
    </ClInclude>
    <ClInclude Include="Vertex.h">
      <Filter>헤더 파일\Graphic</Filter>
    </ClInclude>
    <ClInclude Include="VertexBuffer.h">
      <Filter>헤더 파일\Graphic</Filter>
    </ClInclude>
    <ClInclude Include="Logger.h">
      <Filter>헤더 파일\Util</Filter>
    </ClInclude>
    <ClInclude Include="Matrix.h">
      <Filter>헤더 파일\Util</Filter>
    </ClInclude>
    <ClInclude Include="Transform.h">
      <Filter>헤더 파일\Scene</Filter>
    </ClInclude>
    <ClInclude Include="StringUtil.h">
      <Filter>헤더 파일\Util</Filter>
    </ClInclude>
    <ClInclude Include="Protocols.h">
      <Filter>헤더 파일\Util</Filter>
    </ClInclude>
    <ClInclude Include="Animation3D.h">
      <Filter>헤더 파일\Scene</Filter>
    </ClInclude>
    <ClInclude Include="Animation2D.h">
      <Filter>헤더 파일\Scene</Filter>
    </ClInclude>
    <ClInclude Include="Sprite.h">
      <Filter>헤더 파일\Scene</Filter>
    </ClInclude>
    <ClInclude Include="Framework.h">
      <Filter>헤더 파일\Framework</Filter>
    </ClInclude>
  </ItemGroup>
  <ItemGroup>
    <ClCompile Include="KGCRenderFramework.cpp">
      <Filter>소스 파일</Filter>
    </ClCompile>
    <ClCompile Include="Includes\imgui\imgui.cpp">
      <Filter>소스 파일\imgui</Filter>
    </ClCompile>
    <ClCompile Include="Includes\imgui\imgui_demo.cpp">
      <Filter>소스 파일\imgui</Filter>
    </ClCompile>
    <ClCompile Include="Includes\imgui\imgui_draw.cpp">
      <Filter>소스 파일\imgui</Filter>
    </ClCompile>
    <ClCompile Include="Includes\imgui\imgui_impl_dx11.cpp">
      <Filter>소스 파일\imgui</Filter>
    </ClCompile>
    <ClCompile Include="Includes\imgui\imgui_impl_win32.cpp">
      <Filter>소스 파일\imgui</Filter>
    </ClCompile>
    <ClCompile Include="Includes\imgui\imgui_tables.cpp">
      <Filter>소스 파일\imgui</Filter>
    </ClCompile>
    <ClCompile Include="Includes\imgui\imgui_widgets.cpp">
      <Filter>소스 파일\imgui</Filter>
    </ClCompile>
    <ClCompile Include="GameObject.cpp">
      <Filter>소스 파일\Scene</Filter>
    </ClCompile>
    <ClCompile Include="BoundingBoxRenderer.cpp">
      <Filter>소스 파일\Component</Filter>
    </ClCompile>
    <ClCompile Include="Framework.cpp">
      <Filter>소스 파일\Framework</Filter>
    </ClCompile>
    <ClCompile Include="InputLayout.cpp">
      <Filter>소스 파일\Graphic</Filter>
    </ClCompile>
    <ClCompile Include="GraphicManager.cpp">
      <Filter>소스 파일\Graphic</Filter>
    </ClCompile>
    <ClCompile Include="Camera.cpp">
      <Filter>소스 파일\Scene</Filter>
    </ClCompile>
    <ClCompile Include="Component.cpp">
      <Filter>소스 파일\Component</Filter>
    </ClCompile>
    <ClCompile Include="Logger.cpp">
      <Filter>소스 파일\Util</Filter>
    </ClCompile>
    <ClCompile Include="Matrix.cpp">
      <Filter>소스 파일\Util</Filter>
    </ClCompile>
    <ClCompile Include="Mesh.cpp">
      <Filter>소스 파일\Scene</Filter>
    </ClCompile>
    <ClCompile Include="MeshRenderer.cpp">
      <Filter>소스 파일\Component</Filter>
    </ClCompile>
    <ClCompile Include="Model.cpp">
      <Filter>소스 파일\Scene</Filter>
    </ClCompile>
    <ClCompile Include="ModelRenderer.cpp">
      <Filter>소스 파일\Component</Filter>
    </ClCompile>
    <ClCompile Include="RenderComponent.cpp">
      <Filter>소스 파일\Component</Filter>
    </ClCompile>
    <ClCompile Include="SkinnedMeshRenderer.cpp">
      <Filter>소스 파일\Component</Filter>
    </ClCompile>
    <ClCompile Include="SpriteRenderer.cpp">
      <Filter>소스 파일\Component</Filter>
    </ClCompile>
    <ClCompile Include="Texture.cpp">
      <Filter>소스 파일\Scene</Filter>
    </ClCompile>
    <ClCompile Include="Renderer.cpp">
      <Filter>소스 파일\Component</Filter>
    </ClCompile>
    <ClCompile Include="Shaders.cpp">
      <Filter>소스 파일\Graphic</Filter>
    </ClCompile>
    <ClCompile Include="SkinnedMesh.cpp">
      <Filter>소스 파일\Scene</Filter>
    </ClCompile>
    <ClCompile Include="StringUtil.cpp">
      <Filter>소스 파일\Util</Filter>
    </ClCompile>
    <ClCompile Include="TextureLoader.cpp">
      <Filter>소스 파일\Util</Filter>
    </ClCompile>
    <ClCompile Include="Timer.cpp">
      <Filter>소스 파일\Util</Filter>
    </ClCompile>
    <ClCompile Include="Transform.cpp">
      <Filter>소스 파일\Scene</Filter>
    </ClCompile>
    <ClCompile Include="Vertex.cpp">
      <Filter>소스 파일\Graphic</Filter>
    </ClCompile>
    <ClCompile Include="Animation3D.cpp">
      <Filter>소스 파일\Scene</Filter>
    </ClCompile>
    <ClCompile Include="Sprite.cpp">
      <Filter>소스 파일</Filter>
    </ClCompile>
    <ClCompile Include="Animation2D.cpp">
      <Filter>소스 파일</Filter>
    </ClCompile>
  </ItemGroup>
  <ItemGroup>
    <FxCompile Include="Shader\PixelShader.hlsl">
      <Filter>리소스 파일\Shader</Filter>
    </FxCompile>
    <FxCompile Include="Shader\PixelShader2.hlsl">
      <Filter>리소스 파일\Shader</Filter>
    </FxCompile>
    <FxCompile Include="Shader\VertexShader.hlsl">
      <Filter>리소스 파일\Shader</Filter>
    </FxCompile>
    <FxCompile Include="Shader\VertexShader2.hlsl">
      <Filter>리소스 파일\Shader</Filter>
    </FxCompile>
    <FxCompile Include="Shader\VertexShader3.hlsl">
      <Filter>리소스 파일\Shader</Filter>
    </FxCompile>
  </ItemGroup>
  <ItemGroup>
    <None Include="..\README.md">
      <Filter>리소스 파일</Filter>
    </None>
    <None Include="..\.gitattributes">
      <Filter>리소스 파일\Git</Filter>
    </None>
    <None Include="..\.gitignore">
      <Filter>리소스 파일\Git</Filter>
    </None>
  </ItemGroup>
</Project>